
Microsoft Visual Studio Solution File, Format Version 12.00
# Visual Studio Version 16
VisualStudioVersion = 16.0.31105.61
MinimumVisualStudioVersion = 10.0.40219.1
Project("{FAE04EC0-301F-11D3-BF4B-00C04F79EFBC}") = "doudcs", "doudcs.csproj", "{BD0A1F37-5E2D-41AA-8565-7C93D6A5EBAF}"
EndProject
Global
	GlobalSection(SolutionConfigurationPlatforms) = preSolution
		Debug|Any CPU = Debug|Any CPU
		Release|Any CPU = Release|Any CPU
	EndGlobalSection
	GlobalSection(ProjectConfigurationPlatforms) = postSolution
		{BD0A1F37-5E2D-41AA-8565-7C93D6A5EBAF}.Debug|Any CPU.ActiveCfg = Debug|Any CPU
		{BD0A1F37-5E2D-41AA-8565-7C93D6A5EBAF}.Debug|Any CPU.Build.0 = Debug|Any CPU
		{BD0A1F37-5E2D-41AA-8565-7C93D6A5EBAF}.Release|Any CPU.ActiveCfg = Release|Any CPU
		{BD0A1F37-5E2D-41AA-8565-7C93D6A5EBAF}.Release|Any CPU.Build.0 = Release|Any CPU
	EndGlobalSection
	GlobalSection(SolutionProperties) = preSolution
		HideSolutionNode = FALSE
	EndGlobalSection
	GlobalSection(ExtensibilityGlobals) = postSolution
		SolutionGuid = {FA6BAD53-A72D-4F75-9487-1F6A2847342D}
	EndGlobalSection
EndGlobal
